
Microsoft Visual Studio Solution File, Format Version 12.00
# Visual Studio 14
VisualStudioVersion = 14.0.25420.1
MinimumVisualStudioVersion = 10.0.40219.1
Project("{FAE04EC0-301F-11D3-BF4B-00C04F79EFBC}") = "ror-updater", "Client\ror-updater.csproj", "{D18D44FD-8CA5-4CD2-976A-9901F21F5953}"
EndProject
Project("{FAE04EC0-301F-11D3-BF4B-00C04F79EFBC}") = "selfupdate", "SelfUpdater\selfupdate.csproj", "{62B2E856-8019-48C9-9EEF-BA799F90A154}"
EndProject
Project("{FAE04EC0-301F-11D3-BF4B-00C04F79EFBC}") = "list-generator", "ListGenerator\list-generator.csproj", "{8B0C3EE6-2885-4EED-A585-FE67BA110D24}"
EndProject
Project("{FAE04EC0-301F-11D3-BF4B-00C04F79EFBC}") = "tests", "tests\tests.csproj", "{BDE974DE-1566-4882-AF1F-41EEF7D8973D}"
EndProject
Global
	GlobalSection(SolutionConfigurationPlatforms) = preSolution
		Debug|Any CPU = Debug|Any CPU
		Release|Any CPU = Release|Any CPU
	EndGlobalSection
	GlobalSection(ProjectConfigurationPlatforms) = postSolution
		{D18D44FD-8CA5-4CD2-976A-9901F21F5953}.Debug|Any CPU.ActiveCfg = Debug|Any CPU
		{D18D44FD-8CA5-4CD2-976A-9901F21F5953}.Debug|Any CPU.Build.0 = Debug|Any CPU
		{D18D44FD-8CA5-4CD2-976A-9901F21F5953}.Release|Any CPU.ActiveCfg = Release|Any CPU
		{D18D44FD-8CA5-4CD2-976A-9901F21F5953}.Release|Any CPU.Build.0 = Release|Any CPU
		{62B2E856-8019-48C9-9EEF-BA799F90A154}.Debug|Any CPU.ActiveCfg = Debug|Any CPU
		{62B2E856-8019-48C9-9EEF-BA799F90A154}.Debug|Any CPU.Build.0 = Debug|Any CPU
		{62B2E856-8019-48C9-9EEF-BA799F90A154}.Release|Any CPU.ActiveCfg = Release|Any CPU
		{62B2E856-8019-48C9-9EEF-BA799F90A154}.Release|Any CPU.Build.0 = Release|Any CPU
		{8B0C3EE6-2885-4EED-A585-FE67BA110D24}.Debug|Any CPU.ActiveCfg = Debug|Any CPU
		{8B0C3EE6-2885-4EED-A585-FE67BA110D24}.Debug|Any CPU.Build.0 = Debug|Any CPU
		{8B0C3EE6-2885-4EED-A585-FE67BA110D24}.Release|Any CPU.ActiveCfg = Release|Any CPU
		{8B0C3EE6-2885-4EED-A585-FE67BA110D24}.Release|Any CPU.Build.0 = Release|Any CPU
		{BDE974DE-1566-4882-AF1F-41EEF7D8973D}.Debug|Any CPU.ActiveCfg = Debug|Any CPU
		{BDE974DE-1566-4882-AF1F-41EEF7D8973D}.Debug|Any CPU.Build.0 = Debug|Any CPU
		{BDE974DE-1566-4882-AF1F-41EEF7D8973D}.Release|Any CPU.ActiveCfg = Release|Any CPU
		{BDE974DE-1566-4882-AF1F-41EEF7D8973D}.Release|Any CPU.Build.0 = Release|Any CPU
	EndGlobalSection
	GlobalSection(SolutionProperties) = preSolution
		HideSolutionNode = FALSE
	EndGlobalSection
EndGlobal
