
Microsoft Visual Studio Solution File, Format Version 12.00
# Visual Studio 2013
VisualStudioVersion = 12.0.21005.1
MinimumVisualStudioVersion = 10.0.40219.1
Project("{FAE04EC0-301F-11D3-BF4B-00C04F79EFBC}") = "ror-updater", "ror-updater\ror-updater.csproj", "{D18D44FD-8CA5-4CD2-976A-9901F21F5953}"
EndProject
Project("{FAE04EC0-301F-11D3-BF4B-00C04F79EFBC}") = "ror-updater-list_maker", "ror-updater-list_maker\ror-updater-list_maker.csproj", "{F89E80A0-EE59-4A29-8480-FC839E2999C3}"
EndProject
Global
	GlobalSection(SolutionConfigurationPlatforms) = preSolution
		Debug|Any CPU = Debug|Any CPU
		Release|Any CPU = Release|Any CPU
	EndGlobalSection
	GlobalSection(ProjectConfigurationPlatforms) = postSolution
		{D18D44FD-8CA5-4CD2-976A-9901F21F5953}.Debug|Any CPU.ActiveCfg = Debug|Any CPU
		{D18D44FD-8CA5-4CD2-976A-9901F21F5953}.Debug|Any CPU.Build.0 = Debug|Any CPU
		{D18D44FD-8CA5-4CD2-976A-9901F21F5953}.Release|Any CPU.ActiveCfg = Release|Any CPU
		{D18D44FD-8CA5-4CD2-976A-9901F21F5953}.Release|Any CPU.Build.0 = Release|Any CPU
		{F89E80A0-EE59-4A29-8480-FC839E2999C3}.Debug|Any CPU.ActiveCfg = Debug|Any CPU
		{F89E80A0-EE59-4A29-8480-FC839E2999C3}.Debug|Any CPU.Build.0 = Debug|Any CPU
		{F89E80A0-EE59-4A29-8480-FC839E2999C3}.Release|Any CPU.ActiveCfg = Release|Any CPU
		{F89E80A0-EE59-4A29-8480-FC839E2999C3}.Release|Any CPU.Build.0 = Release|Any CPU
	EndGlobalSection
	GlobalSection(SolutionProperties) = preSolution
		HideSolutionNode = FALSE
	EndGlobalSection
EndGlobal
